{
  "originHash" : "2da27eb957e887d7b6e26357bb14aab0e4dbc357c15c507e9b450298da071e33",
  "pins" : [
    {
      "identity" : "utilities",
      "kind" : "remoteSourceControl",
      "location" : "https://github.com/josephlevy222/Utilities.git",
      "state" : {
        "branch" : "main",
        "revision" : "751f16e8e7a9ccf3306e7076b0278310b68d99bd"
      }
    }
  ],
  "version" : 3
}
