{
  "originHash" : "2da27eb957e887d7b6e26357bb14aab0e4dbc357c15c507e9b450298da071e33",
  "pins" : [
    {
      "identity" : "utilities",
      "kind" : "remoteSourceControl",
      "location" : "https://github.com/josephlevy222/Utilities.git",
      "state" : {
        "branch" : "main",
        "revision" : "043126b3c63f8642ee288396d5ff301fe679afad"
      }
    }
  ],
  "version" : 3
}
